PODS:
  - Alamofire (4.4.0)
  - CocoaLumberjack/Default (3.2.0)
  - CocoaLumberjack/Swift (3.2.0):
    - CocoaLumberjack/Default
  - SVProgressHUD (2.1.2)

DEPENDENCIES:
  - Alamofire
  - CocoaLumberjack/Swift
  - SVProgressHUD

SPEC CHECKSUMS:
  Alamofire: dc44b1600b800eb63da6a19039a0083d62a6a62d
  CocoaLumberjack: 9b4aed7073d242f29cc2f62068d995faf67f703a
  SVProgressHUD: c404a55d78acbeb7ebb78b76d3faf986475a6994

PODFILE CHECKSUM: bcea504a7b897416a289790cbe0f342d2b2af7f6

COCOAPODS: 1.2.1
